
Microsoft Visual Studio Solution File, Format Version 12.00
# Visual Studio Version 16
VisualStudioVersion = 16.0.29020.237
MinimumVisualStudioVersion = 10.0.40219.1
Project("{2150E333-8FDC-42A3-9474-1A3956D46DE8}") = "src", "src", "{CA9AC87F-097E-4F15-8393-4BC07735A5B0}"
EndProject
Project("{2150E333-8FDC-42A3-9474-1A3956D46DE8}") = "test", "test", "{04DBDB01-70F4-4E06-B468-8F87850B22BE}"
EndProject
Project("{FAE04EC0-301F-11D3-BF4B-00C04F79EFBC}") = "AevatarGAgents.Orleans.TestBase", "test\AevatarGAgents.Orleans.TestBase\AevatarGAgents.Orleans.TestBase.csproj", "{3C0B0690-0E0F-464E-ACEF-FE46D2ADA54F}"
EndProject
Project("{FAE04EC0-301F-11D3-BF4B-00C04F79EFBC}") = "AevatarGAgents.AElf", "src\AevatarGAgents.AElf\AevatarGAgents.AElf.csproj", "{DF51070F-0462-44B6-8A50-3270FBAAC230}"
EndProject
Project("{FAE04EC0-301F-11D3-BF4B-00C04F79EFBC}") = "AevatarGAgents.Twitter", "src\AevatarGAgents.Twitter\AevatarGAgents.Twitter.csproj", "{FC90D79E-F03C-49F0-98DC-9AF61DA1BE19}"
EndProject
Project("{FAE04EC0-301F-11D3-BF4B-00C04F79EFBC}") = "AevatarGAgents.Telegram", "src\AevatarGAgents.Telegram\AevatarGAgents.Telegram.csproj", "{3DBEFD1D-29AF-4A7A-AC6D-6C844BA27241}"
EndProject
Project("{FAE04EC0-301F-11D3-BF4B-00C04F79EFBC}") = "AevatarGAgents.Pumpfun", "src\AevatarGAgents.Pumpfun\AevatarGAgents.Pumpfun.csproj", "{06B4C285-3678-417B-99A5-D471BB70DA83}"
EndProject
Project("{FAE04EC0-301F-11D3-BF4B-00C04F79EFBC}") = "AevatarGAgents.Autogen", "src\AevatarGAgents.Autogen\AevatarGAgents.Autogen.csproj", "{28AC92B6-377F-4A1E-8D08-0352D3AB4663}"
EndProject
Project("{FAE04EC0-301F-11D3-BF4B-00C04F79EFBC}") = "OrleansTestKit", "test\OrleansTestKit\OrleansTestKit.csproj", "{09CDE043-09EC-4D2A-9112-6F9138455795}"
EndProject
Project("{FAE04EC0-301F-11D3-BF4B-00C04F79EFBC}") = "OrleansTestKit.Tests", "test\OrleansTestKit.Tests\OrleansTestKit.Tests.csproj", "{C09D0934-CD67-47A0-9179-806C05ABFB26}"
EndProject
Project("{FAE04EC0-301F-11D3-BF4B-00C04F79EFBC}") = "AevatarGAgents.MicroAI", "src\AevatarGAgents.MicroAI\AevatarGAgents.MicroAI.csproj", "{F8C887E6-77D0-47C2-8B6B-FFB51E094396}"
EndProject
Project("{FAE04EC0-301F-11D3-BF4B-00C04F79EFBC}") = "AevatarGAgents.NamingContest", "src\AevatarGAgents.NamingContest\AevatarGAgents.NamingContest.csproj", "{4EBBE2C2-7C37-4D3F-9F38-916A2758BDD1}"
EndProject
Project("{FAE04EC0-301F-11D3-BF4B-00C04F79EFBC}") = "AevatarGAgents.SocialAgent", "src\AiSmart.GAgent.SocialGAgent\AevatarGAgents.SocialAgent.csproj", "{CC99AB12-4463-4386-BF17-CE0E26797E23}"
EndProject
Project("{FAE04EC0-301F-11D3-BF4B-00C04F79EFBC}") = "AevatarGAgents.Rag", "src\AevatarGAgents.Rag\AevatarGAgents.Rag.csproj", "{954A1691-46F9-4DF2-AE75-B2420AC9AEDA}"
EndProject
Project("{FAE04EC0-301F-11D3-BF4B-00C04F79EFBC}") = "AevatarGAgents.Basic", "src\AevatarGAgents.Basic\AevatarGAgents.Basic.csproj", "{2D7581FC-F078-4DF6-911E-B0C7D7F23E15}"
EndProject
Global
	GlobalSection(SolutionConfigurationPlatforms) = preSolution
		Debug|Any CPU = Debug|Any CPU
		Release|Any CPU = Release|Any CPU
	EndGlobalSection
	GlobalSection(ProjectConfigurationPlatforms) = postSolution
		{3C0B0690-0E0F-464E-ACEF-FE46D2ADA54F}.Debug|Any CPU.ActiveCfg = Debug|Any CPU
		{3C0B0690-0E0F-464E-ACEF-FE46D2ADA54F}.Debug|Any CPU.Build.0 = Debug|Any CPU
		{3C0B0690-0E0F-464E-ACEF-FE46D2ADA54F}.Release|Any CPU.ActiveCfg = Release|Any CPU
		{3C0B0690-0E0F-464E-ACEF-FE46D2ADA54F}.Release|Any CPU.Build.0 = Release|Any CPU
		{DF51070F-0462-44B6-8A50-3270FBAAC230}.Debug|Any CPU.ActiveCfg = Debug|Any CPU
		{DF51070F-0462-44B6-8A50-3270FBAAC230}.Debug|Any CPU.Build.0 = Debug|Any CPU
		{DF51070F-0462-44B6-8A50-3270FBAAC230}.Release|Any CPU.ActiveCfg = Release|Any CPU
		{DF51070F-0462-44B6-8A50-3270FBAAC230}.Release|Any CPU.Build.0 = Release|Any CPU
		{FC90D79E-F03C-49F0-98DC-9AF61DA1BE19}.Debug|Any CPU.ActiveCfg = Debug|Any CPU
		{FC90D79E-F03C-49F0-98DC-9AF61DA1BE19}.Debug|Any CPU.Build.0 = Debug|Any CPU
		{FC90D79E-F03C-49F0-98DC-9AF61DA1BE19}.Release|Any CPU.ActiveCfg = Release|Any CPU
		{FC90D79E-F03C-49F0-98DC-9AF61DA1BE19}.Release|Any CPU.Build.0 = Release|Any CPU
		{3DBEFD1D-29AF-4A7A-AC6D-6C844BA27241}.Debug|Any CPU.ActiveCfg = Debug|Any CPU
		{3DBEFD1D-29AF-4A7A-AC6D-6C844BA27241}.Debug|Any CPU.Build.0 = Debug|Any CPU
		{3DBEFD1D-29AF-4A7A-AC6D-6C844BA27241}.Release|Any CPU.ActiveCfg = Release|Any CPU
		{3DBEFD1D-29AF-4A7A-AC6D-6C844BA27241}.Release|Any CPU.Build.0 = Release|Any CPU
		{06B4C285-3678-417B-99A5-D471BB70DA83}.Debug|Any CPU.ActiveCfg = Debug|Any CPU
		{06B4C285-3678-417B-99A5-D471BB70DA83}.Debug|Any CPU.Build.0 = Debug|Any CPU
		{06B4C285-3678-417B-99A5-D471BB70DA83}.Release|Any CPU.ActiveCfg = Release|Any CPU
		{06B4C285-3678-417B-99A5-D471BB70DA83}.Release|Any CPU.Build.0 = Release|Any CPU
		{28AC92B6-377F-4A1E-8D08-0352D3AB4663}.Debug|Any CPU.ActiveCfg = Debug|Any CPU
		{28AC92B6-377F-4A1E-8D08-0352D3AB4663}.Debug|Any CPU.Build.0 = Debug|Any CPU
		{28AC92B6-377F-4A1E-8D08-0352D3AB4663}.Release|Any CPU.ActiveCfg = Release|Any CPU
		{28AC92B6-377F-4A1E-8D08-0352D3AB4663}.Release|Any CPU.Build.0 = Release|Any CPU
		{09CDE043-09EC-4D2A-9112-6F9138455795}.Debug|Any CPU.ActiveCfg = Debug|Any CPU
		{09CDE043-09EC-4D2A-9112-6F9138455795}.Debug|Any CPU.Build.0 = Debug|Any CPU
		{09CDE043-09EC-4D2A-9112-6F9138455795}.Release|Any CPU.ActiveCfg = Release|Any CPU
		{09CDE043-09EC-4D2A-9112-6F9138455795}.Release|Any CPU.Build.0 = Release|Any CPU
		{C09D0934-CD67-47A0-9179-806C05ABFB26}.Debug|Any CPU.ActiveCfg = Debug|Any CPU
		{C09D0934-CD67-47A0-9179-806C05ABFB26}.Debug|Any CPU.Build.0 = Debug|Any CPU
		{C09D0934-CD67-47A0-9179-806C05ABFB26}.Release|Any CPU.ActiveCfg = Release|Any CPU
		{C09D0934-CD67-47A0-9179-806C05ABFB26}.Release|Any CPU.Build.0 = Release|Any CPU
		{F8C887E6-77D0-47C2-8B6B-FFB51E094396}.Debug|Any CPU.ActiveCfg = Debug|Any CPU
		{F8C887E6-77D0-47C2-8B6B-FFB51E094396}.Debug|Any CPU.Build.0 = Debug|Any CPU
		{F8C887E6-77D0-47C2-8B6B-FFB51E094396}.Release|Any CPU.ActiveCfg = Release|Any CPU
		{F8C887E6-77D0-47C2-8B6B-FFB51E094396}.Release|Any CPU.Build.0 = Release|Any CPU
		{4EBBE2C2-7C37-4D3F-9F38-916A2758BDD1}.Debug|Any CPU.ActiveCfg = Debug|Any CPU
		{4EBBE2C2-7C37-4D3F-9F38-916A2758BDD1}.Debug|Any CPU.Build.0 = Debug|Any CPU
		{4EBBE2C2-7C37-4D3F-9F38-916A2758BDD1}.Release|Any CPU.ActiveCfg = Release|Any CPU
		{4EBBE2C2-7C37-4D3F-9F38-916A2758BDD1}.Release|Any CPU.Build.0 = Release|Any CPU
		{CC99AB12-4463-4386-BF17-CE0E26797E23}.Debug|Any CPU.ActiveCfg = Debug|Any CPU
		{CC99AB12-4463-4386-BF17-CE0E26797E23}.Debug|Any CPU.Build.0 = Debug|Any CPU
		{CC99AB12-4463-4386-BF17-CE0E26797E23}.Release|Any CPU.ActiveCfg = Release|Any CPU
		{CC99AB12-4463-4386-BF17-CE0E26797E23}.Release|Any CPU.Build.0 = Release|Any CPU
		{954A1691-46F9-4DF2-AE75-B2420AC9AEDA}.Debug|Any CPU.ActiveCfg = Debug|Any CPU
		{954A1691-46F9-4DF2-AE75-B2420AC9AEDA}.Debug|Any CPU.Build.0 = Debug|Any CPU
		{954A1691-46F9-4DF2-AE75-B2420AC9AEDA}.Release|Any CPU.ActiveCfg = Release|Any CPU
		{954A1691-46F9-4DF2-AE75-B2420AC9AEDA}.Release|Any CPU.Build.0 = Release|Any CPU
		{2D7581FC-F078-4DF6-911E-B0C7D7F23E15}.Debug|Any CPU.ActiveCfg = Debug|Any CPU
		{2D7581FC-F078-4DF6-911E-B0C7D7F23E15}.Debug|Any CPU.Build.0 = Debug|Any CPU
		{2D7581FC-F078-4DF6-911E-B0C7D7F23E15}.Release|Any CPU.ActiveCfg = Release|Any CPU
		{2D7581FC-F078-4DF6-911E-B0C7D7F23E15}.Release|Any CPU.Build.0 = Release|Any CPU
	EndGlobalSection
	GlobalSection(SolutionProperties) = preSolution
		HideSolutionNode = FALSE
	EndGlobalSection
	GlobalSection(NestedProjects) = preSolution
		{3C0B0690-0E0F-464E-ACEF-FE46D2ADA54F} = {04DBDB01-70F4-4E06-B468-8F87850B22BE}
		{DF51070F-0462-44B6-8A50-3270FBAAC230} = {CA9AC87F-097E-4F15-8393-4BC07735A5B0}
		{FC90D79E-F03C-49F0-98DC-9AF61DA1BE19} = {CA9AC87F-097E-4F15-8393-4BC07735A5B0}
		{3DBEFD1D-29AF-4A7A-AC6D-6C844BA27241} = {CA9AC87F-097E-4F15-8393-4BC07735A5B0}
		{06B4C285-3678-417B-99A5-D471BB70DA83} = {CA9AC87F-097E-4F15-8393-4BC07735A5B0}
		{28AC92B6-377F-4A1E-8D08-0352D3AB4663} = {CA9AC87F-097E-4F15-8393-4BC07735A5B0}
		{09CDE043-09EC-4D2A-9112-6F9138455795} = {04DBDB01-70F4-4E06-B468-8F87850B22BE}
		{C09D0934-CD67-47A0-9179-806C05ABFB26} = {04DBDB01-70F4-4E06-B468-8F87850B22BE}
		{F8C887E6-77D0-47C2-8B6B-FFB51E094396} = {CA9AC87F-097E-4F15-8393-4BC07735A5B0}
		{4EBBE2C2-7C37-4D3F-9F38-916A2758BDD1} = {CA9AC87F-097E-4F15-8393-4BC07735A5B0}
		{CC99AB12-4463-4386-BF17-CE0E26797E23} = {CA9AC87F-097E-4F15-8393-4BC07735A5B0}
		{954A1691-46F9-4DF2-AE75-B2420AC9AEDA} = {CA9AC87F-097E-4F15-8393-4BC07735A5B0}
		{2D7581FC-F078-4DF6-911E-B0C7D7F23E15} = {CA9AC87F-097E-4F15-8393-4BC07735A5B0}
	EndGlobalSection
	GlobalSection(ExtensibilityGlobals) = postSolution
		SolutionGuid = {28315BFD-90E7-4E14-A2EA-F3D23AF4126F}
	EndGlobalSection
EndGlobal
