
Microsoft Visual Studio Solution File, Format Version 12.00
# Visual Studio Version 16
VisualStudioVersion = 16.0.29020.237
MinimumVisualStudioVersion = 10.0.40219.1
Project("{2150E333-8FDC-42A3-9474-1A3956D46DE8}") = "src", "src", "{CA9AC87F-097E-4F15-8393-4BC07735A5B0}"
EndProject
Project("{2150E333-8FDC-42A3-9474-1A3956D46DE8}") = "test", "test", "{04DBDB01-70F4-4E06-B468-8F87850B22BE}"
EndProject
Project("{FAE04EC0-301F-11D3-BF4B-00C04F79EFBC}") = "Aevatar.GAgents.AElf", "src\Aevatar.GAgents.AElf\Aevatar.GAgents.AElf.csproj", "{DF51070F-0462-44B6-8A50-3270FBAAC230}"
EndProject
Project("{FAE04EC0-301F-11D3-BF4B-00C04F79EFBC}") = "Aevatar.GAgents.Twitter", "src\Aevatar.GAgents.Twitter\Aevatar.GAgents.Twitter.csproj", "{FC90D79E-F03C-49F0-98DC-9AF61DA1BE19}"
EndProject
Project("{FAE04EC0-301F-11D3-BF4B-00C04F79EFBC}") = "Aevatar.GAgents.Telegram", "src\Aevatar.GAgents.Telegram\Aevatar.GAgents.Telegram.csproj", "{3DBEFD1D-29AF-4A7A-AC6D-6C844BA27241}"
EndProject
Project("{FAE04EC0-301F-11D3-BF4B-00C04F79EFBC}") = "OrleansTestKit", "test\OrleansTestKit\OrleansTestKit.csproj", "{09CDE043-09EC-4D2A-9112-6F9138455795}"
EndProject
Project("{FAE04EC0-301F-11D3-BF4B-00C04F79EFBC}") = "OrleansTestKit.Tests", "test\OrleansTestKit.Tests\OrleansTestKit.Tests.csproj", "{C09D0934-CD67-47A0-9179-806C05ABFB26}"
EndProject
Project("{FAE04EC0-301F-11D3-BF4B-00C04F79EFBC}") = "Aevatar.GAgents.SocialGAgent", "src\Aevatar.GAgents.SocialGAgent\Aevatar.GAgents.SocialGAgent.csproj", "{CC99AB12-4463-4386-BF17-CE0E26797E23}"
EndProject
Project("{FAE04EC0-301F-11D3-BF4B-00C04F79EFBC}") = "Aevatar.GAgents.Basic", "src\Aevatar.GAgents.Basic\Aevatar.GAgents.Basic.csproj", "{2D7581FC-F078-4DF6-911E-B0C7D7F23E15}"
EndProject
Project("{FAE04EC0-301F-11D3-BF4B-00C04F79EFBC}") = "Aevatar.GAgents.TestBase", "test\Aevatar.GAgents.TestBase\Aevatar.GAgents.TestBase.csproj", "{C6556366-58A6-47BB-8391-051EA47C5173}"
EndProject
Project("{FAE04EC0-301F-11D3-BF4B-00C04F79EFBC}") = "Aevatar.GAgents.AIGAgent", "src\Aevatar.GAgents.AIGAgent\Aevatar.GAgents.AIGAgent.csproj", "{A4E9654E-B464-4EA9-8558-CA19D82F24E2}"
EndProject
Project("{FAE04EC0-301F-11D3-BF4B-00C04F79EFBC}") = "Aevatar.GAgents.AI.Abstractions", "src\Aevatar.GAgents.AI.Abstractions\Aevatar.GAgents.AI.Abstractions.csproj", "{18D94C88-676C-4181-9313-B70D8A804775}"
EndProject
Project("{FAE04EC0-301F-11D3-BF4B-00C04F79EFBC}") = "Aevatar.GAgents.SemanticKernel", "src\Aevatar.GAgents.SemanticKernel\Aevatar.GAgents.SemanticKernel.csproj", "{C5A33794-FF0F-43C2-835B-BC2825995BF0}"
EndProject
Project("{2150E333-8FDC-42A3-9474-1A3956D46DE8}") = "samples", "samples", "{9A5AF866-5118-4DA9-867A-4C22060B7347}"
EndProject
Project("{2150E333-8FDC-42A3-9474-1A3956D46DE8}") = "AIGAgent", "AIGAgent", "{D5F67508-C302-47D6-9DE9-32C2DC83917B}"
EndProject
Project("{FAE04EC0-301F-11D3-BF4B-00C04F79EFBC}") = "SimpleAIGAgent.Client", "simples\AIGAgent\SimpleAIGAgent.Client\SimpleAIGAgent.Client.csproj", "{C5E7873B-8683-4AC2-9113-BDA48FDC10DF}"
EndProject
Project("{FAE04EC0-301F-11D3-BF4B-00C04F79EFBC}") = "SimpleAIGAgent.Grains", "simples\AIGAgent\SimpleAIGAgent.Grains\SimpleAIGAgent.Grains.csproj", "{5C1D6FFC-DDFC-48A7-8DB0-B02EBD5FF243}"
EndProject
Project("{FAE04EC0-301F-11D3-BF4B-00C04F79EFBC}") = "SimpleAIGAgent.Silo", "simples\AIGAgent\SimpleAIGAgent.Silo\SimpleAIGAgent.Silo.csproj", "{F6A070BD-EE04-45E8-B3E7-D68B30503FE1}"
EndProject
Project("{FAE04EC0-301F-11D3-BF4B-00C04F79EFBC}") = "Aevatar.GAgents.ChatAgent", "src\Aevatar.GAgents.ChatAgent\Aevatar.GAgents.ChatAgent.csproj", "{FA1D05BC-DD92-4BA5-BACC-A64DB471C20B}"
EndProject
Project("{FAE04EC0-301F-11D3-BF4B-00C04F79EFBC}") = "Aevatar.GAgents.GraphRag.Abstractions", "src\Aevatar.GAgents.GraphRag.Abstractions\Aevatar.GAgents.GraphRag.Abstractions.csproj", "{8A008218-716D-4733-9FC3-88A0E3E26F3E}"
EndProject
Project("{FAE04EC0-301F-11D3-BF4B-00C04F79EFBC}") = "Aevatar.GAgents.Neo4jStore", "src\Aevatar.GAgents.Neo4jStore\Aevatar.GAgents.Neo4jStore.csproj", "{D5196569-A165-4274-B4BD-C39B3F3AB27B}"
EndProject
Project("{FAE04EC0-301F-11D3-BF4B-00C04F79EFBC}") = "Aevatar.GAgents.GraphRag.Test", "test\Aevatar.GAgents.GraphRag.Test\Aevatar.GAgents.GraphRag.Test.csproj", "{B1BD7B70-0098-455B-84DB-3B67596729D7}"
EndProject
Global
	GlobalSection(SolutionConfigurationPlatforms) = preSolution
		Debug|Any CPU = Debug|Any CPU
		Release|Any CPU = Release|Any CPU
	EndGlobalSection
	GlobalSection(ProjectConfigurationPlatforms) = postSolution
		{DF51070F-0462-44B6-8A50-3270FBAAC230}.Debug|Any CPU.ActiveCfg = Debug|Any CPU
		{DF51070F-0462-44B6-8A50-3270FBAAC230}.Debug|Any CPU.Build.0 = Debug|Any CPU
		{DF51070F-0462-44B6-8A50-3270FBAAC230}.Release|Any CPU.ActiveCfg = Release|Any CPU
		{DF51070F-0462-44B6-8A50-3270FBAAC230}.Release|Any CPU.Build.0 = Release|Any CPU
		{FC90D79E-F03C-49F0-98DC-9AF61DA1BE19}.Debug|Any CPU.ActiveCfg = Debug|Any CPU
		{FC90D79E-F03C-49F0-98DC-9AF61DA1BE19}.Debug|Any CPU.Build.0 = Debug|Any CPU
		{FC90D79E-F03C-49F0-98DC-9AF61DA1BE19}.Release|Any CPU.ActiveCfg = Release|Any CPU
		{FC90D79E-F03C-49F0-98DC-9AF61DA1BE19}.Release|Any CPU.Build.0 = Release|Any CPU
		{3DBEFD1D-29AF-4A7A-AC6D-6C844BA27241}.Debug|Any CPU.ActiveCfg = Debug|Any CPU
		{3DBEFD1D-29AF-4A7A-AC6D-6C844BA27241}.Debug|Any CPU.Build.0 = Debug|Any CPU
		{3DBEFD1D-29AF-4A7A-AC6D-6C844BA27241}.Release|Any CPU.ActiveCfg = Release|Any CPU
		{3DBEFD1D-29AF-4A7A-AC6D-6C844BA27241}.Release|Any CPU.Build.0 = Release|Any CPU
		{09CDE043-09EC-4D2A-9112-6F9138455795}.Debug|Any CPU.ActiveCfg = Debug|Any CPU
		{09CDE043-09EC-4D2A-9112-6F9138455795}.Debug|Any CPU.Build.0 = Debug|Any CPU
		{09CDE043-09EC-4D2A-9112-6F9138455795}.Release|Any CPU.ActiveCfg = Release|Any CPU
		{09CDE043-09EC-4D2A-9112-6F9138455795}.Release|Any CPU.Build.0 = Release|Any CPU
		{C09D0934-CD67-47A0-9179-806C05ABFB26}.Debug|Any CPU.ActiveCfg = Debug|Any CPU
		{C09D0934-CD67-47A0-9179-806C05ABFB26}.Debug|Any CPU.Build.0 = Debug|Any CPU
		{C09D0934-CD67-47A0-9179-806C05ABFB26}.Release|Any CPU.ActiveCfg = Release|Any CPU
		{C09D0934-CD67-47A0-9179-806C05ABFB26}.Release|Any CPU.Build.0 = Release|Any CPU
		{CC99AB12-4463-4386-BF17-CE0E26797E23}.Debug|Any CPU.ActiveCfg = Debug|Any CPU
		{CC99AB12-4463-4386-BF17-CE0E26797E23}.Debug|Any CPU.Build.0 = Debug|Any CPU
		{CC99AB12-4463-4386-BF17-CE0E26797E23}.Release|Any CPU.ActiveCfg = Release|Any CPU
		{CC99AB12-4463-4386-BF17-CE0E26797E23}.Release|Any CPU.Build.0 = Release|Any CPU
		{2D7581FC-F078-4DF6-911E-B0C7D7F23E15}.Debug|Any CPU.ActiveCfg = Debug|Any CPU
		{2D7581FC-F078-4DF6-911E-B0C7D7F23E15}.Debug|Any CPU.Build.0 = Debug|Any CPU
		{2D7581FC-F078-4DF6-911E-B0C7D7F23E15}.Release|Any CPU.ActiveCfg = Release|Any CPU
		{2D7581FC-F078-4DF6-911E-B0C7D7F23E15}.Release|Any CPU.Build.0 = Release|Any CPU
		{C6556366-58A6-47BB-8391-051EA47C5173}.Debug|Any CPU.ActiveCfg = Debug|Any CPU
		{C6556366-58A6-47BB-8391-051EA47C5173}.Debug|Any CPU.Build.0 = Debug|Any CPU
		{C6556366-58A6-47BB-8391-051EA47C5173}.Release|Any CPU.ActiveCfg = Release|Any CPU
		{C6556366-58A6-47BB-8391-051EA47C5173}.Release|Any CPU.Build.0 = Release|Any CPU
		{A4E9654E-B464-4EA9-8558-CA19D82F24E2}.Debug|Any CPU.ActiveCfg = Debug|Any CPU
		{A4E9654E-B464-4EA9-8558-CA19D82F24E2}.Debug|Any CPU.Build.0 = Debug|Any CPU
		{A4E9654E-B464-4EA9-8558-CA19D82F24E2}.Release|Any CPU.ActiveCfg = Release|Any CPU
		{A4E9654E-B464-4EA9-8558-CA19D82F24E2}.Release|Any CPU.Build.0 = Release|Any CPU
		{18D94C88-676C-4181-9313-B70D8A804775}.Debug|Any CPU.ActiveCfg = Debug|Any CPU
		{18D94C88-676C-4181-9313-B70D8A804775}.Debug|Any CPU.Build.0 = Debug|Any CPU
		{18D94C88-676C-4181-9313-B70D8A804775}.Release|Any CPU.ActiveCfg = Release|Any CPU
		{18D94C88-676C-4181-9313-B70D8A804775}.Release|Any CPU.Build.0 = Release|Any CPU
		{C5A33794-FF0F-43C2-835B-BC2825995BF0}.Debug|Any CPU.ActiveCfg = Debug|Any CPU
		{C5A33794-FF0F-43C2-835B-BC2825995BF0}.Debug|Any CPU.Build.0 = Debug|Any CPU
		{C5A33794-FF0F-43C2-835B-BC2825995BF0}.Release|Any CPU.ActiveCfg = Release|Any CPU
		{C5A33794-FF0F-43C2-835B-BC2825995BF0}.Release|Any CPU.Build.0 = Release|Any CPU
		{C5E7873B-8683-4AC2-9113-BDA48FDC10DF}.Debug|Any CPU.ActiveCfg = Debug|Any CPU
		{C5E7873B-8683-4AC2-9113-BDA48FDC10DF}.Debug|Any CPU.Build.0 = Debug|Any CPU
		{C5E7873B-8683-4AC2-9113-BDA48FDC10DF}.Release|Any CPU.ActiveCfg = Release|Any CPU
		{C5E7873B-8683-4AC2-9113-BDA48FDC10DF}.Release|Any CPU.Build.0 = Release|Any CPU
		{5C1D6FFC-DDFC-48A7-8DB0-B02EBD5FF243}.Debug|Any CPU.ActiveCfg = Debug|Any CPU
		{5C1D6FFC-DDFC-48A7-8DB0-B02EBD5FF243}.Debug|Any CPU.Build.0 = Debug|Any CPU
		{5C1D6FFC-DDFC-48A7-8DB0-B02EBD5FF243}.Release|Any CPU.ActiveCfg = Release|Any CPU
		{5C1D6FFC-DDFC-48A7-8DB0-B02EBD5FF243}.Release|Any CPU.Build.0 = Release|Any CPU
		{F6A070BD-EE04-45E8-B3E7-D68B30503FE1}.Debug|Any CPU.ActiveCfg = Debug|Any CPU
		{F6A070BD-EE04-45E8-B3E7-D68B30503FE1}.Debug|Any CPU.Build.0 = Debug|Any CPU
		{F6A070BD-EE04-45E8-B3E7-D68B30503FE1}.Release|Any CPU.ActiveCfg = Release|Any CPU
		{F6A070BD-EE04-45E8-B3E7-D68B30503FE1}.Release|Any CPU.Build.0 = Release|Any CPU
		{FA1D05BC-DD92-4BA5-BACC-A64DB471C20B}.Debug|Any CPU.ActiveCfg = Debug|Any CPU
		{FA1D05BC-DD92-4BA5-BACC-A64DB471C20B}.Debug|Any CPU.Build.0 = Debug|Any CPU
		{FA1D05BC-DD92-4BA5-BACC-A64DB471C20B}.Release|Any CPU.ActiveCfg = Release|Any CPU
		{FA1D05BC-DD92-4BA5-BACC-A64DB471C20B}.Release|Any CPU.Build.0 = Release|Any CPU
		{8A008218-716D-4733-9FC3-88A0E3E26F3E}.Debug|Any CPU.ActiveCfg = Debug|Any CPU
		{8A008218-716D-4733-9FC3-88A0E3E26F3E}.Debug|Any CPU.Build.0 = Debug|Any CPU
		{8A008218-716D-4733-9FC3-88A0E3E26F3E}.Release|Any CPU.ActiveCfg = Release|Any CPU
		{8A008218-716D-4733-9FC3-88A0E3E26F3E}.Release|Any CPU.Build.0 = Release|Any CPU
		{D5196569-A165-4274-B4BD-C39B3F3AB27B}.Debug|Any CPU.ActiveCfg = Debug|Any CPU
		{D5196569-A165-4274-B4BD-C39B3F3AB27B}.Debug|Any CPU.Build.0 = Debug|Any CPU
		{D5196569-A165-4274-B4BD-C39B3F3AB27B}.Release|Any CPU.ActiveCfg = Release|Any CPU
		{D5196569-A165-4274-B4BD-C39B3F3AB27B}.Release|Any CPU.Build.0 = Release|Any CPU
		{B1BD7B70-0098-455B-84DB-3B67596729D7}.Debug|Any CPU.ActiveCfg = Debug|Any CPU
		{B1BD7B70-0098-455B-84DB-3B67596729D7}.Debug|Any CPU.Build.0 = Debug|Any CPU
		{B1BD7B70-0098-455B-84DB-3B67596729D7}.Release|Any CPU.ActiveCfg = Release|Any CPU
		{B1BD7B70-0098-455B-84DB-3B67596729D7}.Release|Any CPU.Build.0 = Release|Any CPU
	EndGlobalSection
	GlobalSection(SolutionProperties) = preSolution
		HideSolutionNode = FALSE
	EndGlobalSection
	GlobalSection(NestedProjects) = preSolution
		{DF51070F-0462-44B6-8A50-3270FBAAC230} = {CA9AC87F-097E-4F15-8393-4BC07735A5B0}
		{FC90D79E-F03C-49F0-98DC-9AF61DA1BE19} = {CA9AC87F-097E-4F15-8393-4BC07735A5B0}
		{3DBEFD1D-29AF-4A7A-AC6D-6C844BA27241} = {CA9AC87F-097E-4F15-8393-4BC07735A5B0}
		{09CDE043-09EC-4D2A-9112-6F9138455795} = {04DBDB01-70F4-4E06-B468-8F87850B22BE}
		{C09D0934-CD67-47A0-9179-806C05ABFB26} = {04DBDB01-70F4-4E06-B468-8F87850B22BE}
		{CC99AB12-4463-4386-BF17-CE0E26797E23} = {CA9AC87F-097E-4F15-8393-4BC07735A5B0}
		{2D7581FC-F078-4DF6-911E-B0C7D7F23E15} = {CA9AC87F-097E-4F15-8393-4BC07735A5B0}
		{C6556366-58A6-47BB-8391-051EA47C5173} = {04DBDB01-70F4-4E06-B468-8F87850B22BE}
		{A4E9654E-B464-4EA9-8558-CA19D82F24E2} = {CA9AC87F-097E-4F15-8393-4BC07735A5B0}
		{18D94C88-676C-4181-9313-B70D8A804775} = {CA9AC87F-097E-4F15-8393-4BC07735A5B0}
		{C5A33794-FF0F-43C2-835B-BC2825995BF0} = {CA9AC87F-097E-4F15-8393-4BC07735A5B0}
		{D5F67508-C302-47D6-9DE9-32C2DC83917B} = {9A5AF866-5118-4DA9-867A-4C22060B7347}
		{C5E7873B-8683-4AC2-9113-BDA48FDC10DF} = {D5F67508-C302-47D6-9DE9-32C2DC83917B}
		{5C1D6FFC-DDFC-48A7-8DB0-B02EBD5FF243} = {D5F67508-C302-47D6-9DE9-32C2DC83917B}
		{F6A070BD-EE04-45E8-B3E7-D68B30503FE1} = {D5F67508-C302-47D6-9DE9-32C2DC83917B}
		{FA1D05BC-DD92-4BA5-BACC-A64DB471C20B} = {CA9AC87F-097E-4F15-8393-4BC07735A5B0}
		{8A008218-716D-4733-9FC3-88A0E3E26F3E} = {CA9AC87F-097E-4F15-8393-4BC07735A5B0}
		{D5196569-A165-4274-B4BD-C39B3F3AB27B} = {CA9AC87F-097E-4F15-8393-4BC07735A5B0}
		{B1BD7B70-0098-455B-84DB-3B67596729D7} = {04DBDB01-70F4-4E06-B468-8F87850B22BE}
	EndGlobalSection
	GlobalSection(ExtensibilityGlobals) = postSolution
		SolutionGuid = {28315BFD-90E7-4E14-A2EA-F3D23AF4126F}
	EndGlobalSection
EndGlobal
